
Microsoft Visual Studio Solution File, Format Version 12.00
# Visual Studio Version 17
VisualStudioVersion = 17.4.33205.214
MinimumVisualStudioVersion = 10.0.40219.1
Project("{888888A0-9F3D-457C-B088-3A5042F75D52}") = "Veronika_LOGITpv23", "Veronika_LOGITpv23.pyproj", "{C9143734-7D28-49CC-A305-250EAC7DC29A}"
EndProject
Global
	GlobalSection(SolutionConfigurationPlatforms) = preSolution
		Debug|Any CPU = Debug|Any CPU
		Release|Any CPU = Release|Any CPU
	EndGlobalSection
	GlobalSection(ProjectConfigurationPlatforms) = postSolution
		{C9143734-7D28-49CC-A305-250EAC7DC29A}.Debug|Any CPU.ActiveCfg = Debug|Any CPU
		{C9143734-7D28-49CC-A305-250EAC7DC29A}.Release|Any CPU.ActiveCfg = Release|Any CPU
	EndGlobalSection
	GlobalSection(SolutionProperties) = preSolution
		HideSolutionNode = FALSE
	EndGlobalSection
	GlobalSection(ExtensibilityGlobals) = postSolution
		SolutionGuid = {23B302E4-67D3-43EB-B8DF-33713BCE7670}
	EndGlobalSection
EndGlobal
